
Microsoft Visual Studio Solution File, Format Version 12.00
Project("{2150E333-8FDC-42A3-9474-1A3956D46DE8}") = "Server", "Server", "{BEBA3DC0-F0A6-409D-B921-EDDD848C782A}"
EndProject
Project("{FAE04EC0-301F-11D3-BF4B-00C04F79EFBC}") = "Entities", "Server\Entities\Entities.csproj", "{1BB92BCA-EB7E-4CF4-9D0D-013668625EB4}"
EndProject
Project("{FAE04EC0-301F-11D3-BF4B-00C04F79EFBC}") = "RepositoryContracts", "Server\RepositoryContracts\RepositoryContracts.csproj", "{8977137F-E616-4731-9FDF-C1EA4C82F91F}"
EndProject
Project("{FAE04EC0-301F-11D3-BF4B-00C04F79EFBC}") = "InMemoryRepositories", "Server\InMemoryRepositories\InMemoryRepositories.csproj", "{2EB1D11F-539C-418F-A97F-2460A5C7B6ED}"
EndProject
Project("{FAE04EC0-301F-11D3-BF4B-00C04F79EFBC}") = "CLI", "Server\CLI\CLI.csproj", "{998A04D5-0AA9-4693-989E-5BA77AD62050}"
EndProject
Project("{FAE04EC0-301F-11D3-BF4B-00C04F79EFBC}") = "FileRepository", "Server\FileRepository\FileRepository.csproj", "{4F043C50-E224-44FF-81B8-DDB50D1D0D32}"
EndProject
Project("{2150E333-8FDC-42A3-9474-1A3956D46DE8}") = "Shared", "Shared", "{4439C640-6C9D-4F52-8E38-073FB8F52F99}"
EndProject
Project("{FAE04EC0-301F-11D3-BF4B-00C04F79EFBC}") = "ApiContracts", "ApiContracts\ApiContracts.csproj", "{276EA86B-AC6C-4AA2-A434-1BEB7EA88BE5}"
EndProject
Project("{FAE04EC0-301F-11D3-BF4B-00C04F79EFBC}") = "WebAPI", "Server\WebAPI\WebAPI.csproj", "{B10E143E-6DE2-481B-934E-2597ACC67018}"
EndProject
Project("{FAE04EC0-301F-11D3-BF4B-00C04F79EFBC}") = "DTO", "DTO\DTO.csproj", "{043AA952-F56B-432A-8D06-03AB98333CB6}"
EndProject
Project("{2150E333-8FDC-42A3-9474-1A3956D46DE8}") = "Client", "Client", "{81752AD4-A0F9-4916-998E-4ED0ED961AA2}"
EndProject
Project("{FAE04EC0-301F-11D3-BF4B-00C04F79EFBC}") = "BlazorApp", "BlazorApp\BlazorApp.csproj", "{3FB97B85-2E80-43D9-ACF3-EE81947E4A14}"
EndProject
Global
	GlobalSection(SolutionConfigurationPlatforms) = preSolution
		Debug|Any CPU = Debug|Any CPU
		Release|Any CPU = Release|Any CPU
	EndGlobalSection
	GlobalSection(NestedProjects) = preSolution
		{1BB92BCA-EB7E-4CF4-9D0D-013668625EB4} = {BEBA3DC0-F0A6-409D-B921-EDDD848C782A}
		{8977137F-E616-4731-9FDF-C1EA4C82F91F} = {BEBA3DC0-F0A6-409D-B921-EDDD848C782A}
		{2EB1D11F-539C-418F-A97F-2460A5C7B6ED} = {BEBA3DC0-F0A6-409D-B921-EDDD848C782A}
		{998A04D5-0AA9-4693-989E-5BA77AD62050} = {BEBA3DC0-F0A6-409D-B921-EDDD848C782A}
		{4F043C50-E224-44FF-81B8-DDB50D1D0D32} = {BEBA3DC0-F0A6-409D-B921-EDDD848C782A}
		{276EA86B-AC6C-4AA2-A434-1BEB7EA88BE5} = {4439C640-6C9D-4F52-8E38-073FB8F52F99}
		{B10E143E-6DE2-481B-934E-2597ACC67018} = {BEBA3DC0-F0A6-409D-B921-EDDD848C782A}
		{043AA952-F56B-432A-8D06-03AB98333CB6} = {4439C640-6C9D-4F52-8E38-073FB8F52F99}
		{3FB97B85-2E80-43D9-ACF3-EE81947E4A14} = {81752AD4-A0F9-4916-998E-4ED0ED961AA2}
	EndGlobalSection
	GlobalSection(ProjectConfigurationPlatforms) = postSolution
		{1BB92BCA-EB7E-4CF4-9D0D-013668625EB4}.Debug|Any CPU.ActiveCfg = Debug|Any CPU
		{1BB92BCA-EB7E-4CF4-9D0D-013668625EB4}.Debug|Any CPU.Build.0 = Debug|Any CPU
		{1BB92BCA-EB7E-4CF4-9D0D-013668625EB4}.Release|Any CPU.ActiveCfg = Release|Any CPU
		{1BB92BCA-EB7E-4CF4-9D0D-013668625EB4}.Release|Any CPU.Build.0 = Release|Any CPU
		{8977137F-E616-4731-9FDF-C1EA4C82F91F}.Debug|Any CPU.ActiveCfg = Debug|Any CPU
		{8977137F-E616-4731-9FDF-C1EA4C82F91F}.Debug|Any CPU.Build.0 = Debug|Any CPU
		{8977137F-E616-4731-9FDF-C1EA4C82F91F}.Release|Any CPU.ActiveCfg = Release|Any CPU
		{8977137F-E616-4731-9FDF-C1EA4C82F91F}.Release|Any CPU.Build.0 = Release|Any CPU
		{2EB1D11F-539C-418F-A97F-2460A5C7B6ED}.Debug|Any CPU.ActiveCfg = Debug|Any CPU
		{2EB1D11F-539C-418F-A97F-2460A5C7B6ED}.Debug|Any CPU.Build.0 = Debug|Any CPU
		{2EB1D11F-539C-418F-A97F-2460A5C7B6ED}.Release|Any CPU.ActiveCfg = Release|Any CPU
		{2EB1D11F-539C-418F-A97F-2460A5C7B6ED}.Release|Any CPU.Build.0 = Release|Any CPU
		{998A04D5-0AA9-4693-989E-5BA77AD62050}.Debug|Any CPU.ActiveCfg = Debug|Any CPU
		{998A04D5-0AA9-4693-989E-5BA77AD62050}.Debug|Any CPU.Build.0 = Debug|Any CPU
		{998A04D5-0AA9-4693-989E-5BA77AD62050}.Release|Any CPU.ActiveCfg = Release|Any CPU
		{998A04D5-0AA9-4693-989E-5BA77AD62050}.Release|Any CPU.Build.0 = Release|Any CPU
		{4F043C50-E224-44FF-81B8-DDB50D1D0D32}.Debug|Any CPU.ActiveCfg = Debug|Any CPU
		{4F043C50-E224-44FF-81B8-DDB50D1D0D32}.Debug|Any CPU.Build.0 = Debug|Any CPU
		{4F043C50-E224-44FF-81B8-DDB50D1D0D32}.Release|Any CPU.ActiveCfg = Release|Any CPU
		{4F043C50-E224-44FF-81B8-DDB50D1D0D32}.Release|Any CPU.Build.0 = Release|Any CPU
		{276EA86B-AC6C-4AA2-A434-1BEB7EA88BE5}.Debug|Any CPU.ActiveCfg = Debug|Any CPU
		{276EA86B-AC6C-4AA2-A434-1BEB7EA88BE5}.Debug|Any CPU.Build.0 = Debug|Any CPU
		{276EA86B-AC6C-4AA2-A434-1BEB7EA88BE5}.Release|Any CPU.ActiveCfg = Release|Any CPU
		{276EA86B-AC6C-4AA2-A434-1BEB7EA88BE5}.Release|Any CPU.Build.0 = Release|Any CPU
		{B10E143E-6DE2-481B-934E-2597ACC67018}.Debug|Any CPU.ActiveCfg = Debug|Any CPU
		{B10E143E-6DE2-481B-934E-2597ACC67018}.Debug|Any CPU.Build.0 = Debug|Any CPU
		{B10E143E-6DE2-481B-934E-2597ACC67018}.Release|Any CPU.ActiveCfg = Release|Any CPU
		{B10E143E-6DE2-481B-934E-2597ACC67018}.Release|Any CPU.Build.0 = Release|Any CPU
		{043AA952-F56B-432A-8D06-03AB98333CB6}.Debug|Any CPU.ActiveCfg = Debug|Any CPU
		{043AA952-F56B-432A-8D06-03AB98333CB6}.Debug|Any CPU.Build.0 = Debug|Any CPU
		{043AA952-F56B-432A-8D06-03AB98333CB6}.Release|Any CPU.ActiveCfg = Release|Any CPU
		{043AA952-F56B-432A-8D06-03AB98333CB6}.Release|Any CPU.Build.0 = Release|Any CPU
		{3FB97B85-2E80-43D9-ACF3-EE81947E4A14}.Debug|Any CPU.ActiveCfg = Debug|Any CPU
		{3FB97B85-2E80-43D9-ACF3-EE81947E4A14}.Debug|Any CPU.Build.0 = Debug|Any CPU
		{3FB97B85-2E80-43D9-ACF3-EE81947E4A14}.Release|Any CPU.ActiveCfg = Release|Any CPU
		{3FB97B85-2E80-43D9-ACF3-EE81947E4A14}.Release|Any CPU.Build.0 = Release|Any CPU
	EndGlobalSection
EndGlobal
